<Solution>
  <Configurations>
    <Platform Name="Any CPU" />
    <Platform Name="x64" />
    <Platform Name="x86" />
  </Configurations>
  <Folder Name="/src/">
    <Project Path="src/NameSorter/NameSorter.csproj" />
  </Folder>
  <Folder Name="/tests/">
    <Project Path="tests/NameSorter.Tests/NameSorter.Tests.csproj" />
  </Folder>
</Solution>
